// !$*UTF8*$!
{
	archiveVersion = 1;
	classes = {
	};
	objectVersion = 46;
	objects = {

/* Begin PBXBuildFile section */
		0E5185C51D8A3D7100E7FD18 /* 53_MaximumSubarry.swift in Sources */ = {isa = PBXBuildFile; fileRef = 0E5185C41D8A3D7100E7FD18 /* 53_MaximumSubarry.swift */; };
		0E55A4721D8EE7A2004982DF /* 152_MaximumProductSubarray.swift in Sources */ = {isa = PBXBuildFile; fileRef = 0E55A4711D8EE7A2004982DF /* 152_MaximumProductSubarray.swift */; };
		0E55A4741D8F3AA0004982DF /* 221_MaximalSquare.swift in Sources */ = {isa = PBXBuildFile; fileRef = 0E55A4731D8F3AA0004982DF /* 221_MaximalSquare.swift */; };
		0E5622411D897A5900D069D5 /* 279_PerfectSquares.swift in Sources */ = {isa = PBXBuildFile; fileRef = 0E5622401D897A5900D069D5 /* 279_PerfectSquares.swift */; };
		0E5622431D89804300D069D5 /* 322_CoinChange.swift in Sources */ = {isa = PBXBuildFile; fileRef = 0E5622421D89804300D069D5 /* 322_CoinChange.swift */; };
		0E58FD2F1D80E49400239011 /* 228_SummaryRange.swift in Sources */ = {isa = PBXBuildFile; fileRef = 0E58FD2E1D80E49400239011 /* 228_SummaryRange.swift */; };
		0E58FD311D80EDC900239011 /* 48_RotateImage.swift in Sources */ = {isa = PBXBuildFile; fileRef = 0E58FD301D80EDC900239011 /* 48_RotateImage.swift */; };
		0E5D15591D7F9468001EB24C /* 15_3Sum.swift in Sources */ = {isa = PBXBuildFile; fileRef = 0E5D15581D7F9468001EB24C /* 15_3Sum.swift */; };
		0E5D155B1D7FBB7C001EB24C /* 8_StringToInteger.swift in Sources */ = {isa = PBXBuildFile; fileRef = 0E5D155A1D7FBB7C001EB24C /* 8_StringToInteger.swift */; };
		0E5EADC51D5D61DD008E79B4 /* 242_ValidAnagram.swift in Sources */ = {isa = PBXBuildFile; fileRef = 0E5EADC41D5D61DD008E79B4 /* 242_ValidAnagram.swift */; };
		0E5EADC71D5D6A78008E79B4 /* 28_ImplementStrStr.swift in Sources */ = {isa = PBXBuildFile; fileRef = 0E5EADC61D5D6A78008E79B4 /* 28_ImplementStrStr.swift */; };
		0E61C9731D60CCF60014C2D2 /* 14_LongestCommonPrefix.swift in Sources */ = {isa = PBXBuildFile; fileRef = 0E61C9721D60CCF60014C2D2 /* 14_LongestCommonPrefix.swift */; };
		0E67250C1D7329A400408DA3 /* 1_TwoSum.swift in Sources */ = {isa = PBXBuildFile; fileRef = 0E67250B1D7329A400408DA3 /* 1_TwoSum.swift */; };
		0E6818C41D73788500C33DFB /* LinkedListTest.swift in Sources */ = {isa = PBXBuildFile; fileRef = 0E6818C31D73788500C33DFB /* LinkedListTest.swift */; };
		0E6CDE811D98A1CE00FB662F /* 72_EditDistance.swift in Sources */ = {isa = PBXBuildFile; fileRef = 0E6CDE801D98A1CE00FB662F /* 72_EditDistance.swift */; };
		0E6CDE831D98BA4100FB662F /* ArrayExtensionTest.swift in Sources */ = {isa = PBXBuildFile; fileRef = 0E6CDE821D98BA4100FB662F /* ArrayExtensionTest.swift */; };
		0E6FAD551D5811BE00C8D71D /* AppDelegate.swift in Sources */ = {isa = PBXBuildFile; fileRef = 0E6FAD541D5811BE00C8D71D /* AppDelegate.swift */; };
		0E6FAD571D5811BE00C8D71D /* ViewController.swift in Sources */ = {isa = PBXBuildFile; fileRef = 0E6FAD561D5811BE00C8D71D /* ViewController.swift */; };
		0E6FAD5A1D5811BE00C8D71D /* Main.storyboard in Resources */ = {isa = PBXBuildFile; fileRef = 0E6FAD581D5811BE00C8D71D /* Main.storyboard */; };
		0E6FAD5C1D5811BE00C8D71D /* Assets.xcassets in Resources */ = {isa = PBXBuildFile; fileRef = 0E6FAD5B1D5811BE00C8D71D /* Assets.xcassets */; };
		0E6FAD5F1D5811BE00C8D71D /* LaunchScreen.storyboard in Resources */ = {isa = PBXBuildFile; fileRef = 0E6FAD5D1D5811BE00C8D71D /* LaunchScreen.storyboard */; };
		0E6FAD6A1D5811BE00C8D71D /* LeetcodeSwiftTests.swift in Sources */ = {isa = PBXBuildFile; fileRef = 0E6FAD691D5811BE00C8D71D /* LeetcodeSwiftTests.swift */; };
		0E6FAD751D5811BE00C8D71D /* LeetcodeSwiftUITests.swift in Sources */ = {isa = PBXBuildFile; fileRef = 0E6FAD741D5811BE00C8D71D /* LeetcodeSwiftUITests.swift */; };
		0E6FADB01D58171900C8D71D /* 205_IsomorphicString.swift in Sources */ = {isa = PBXBuildFile; fileRef = 0E6FADAC1D58171900C8D71D /* 205_IsomorphicString.swift */; };
		0E6FADB11D58171900C8D71D /* 290_WordPattern.swift in Sources */ = {isa = PBXBuildFile; fileRef = 0E6FADAD1D58171900C8D71D /* 290_WordPattern.swift */; };
		0E6FADB21D58171900C8D71D /* 344_ReverseString.swift in Sources */ = {isa = PBXBuildFile; fileRef = 0E6FADAE1D58171900C8D71D /* 344_ReverseString.swift */; };
		0E6FADB31D58171900C8D71D /* 345_ReverseVowelsOfAString.swift in Sources */ = {isa = PBXBuildFile; fileRef = 0E6FADAF1D58171900C8D71D /* 345_ReverseVowelsOfAString.swift */; };
		0E6FADC11D58172200C8D71D /* 98_ValidateBinarySearchTree.swift in Sources */ = {isa = PBXBuildFile; fileRef = 0E6FADB41D58172200C8D71D /* 98_ValidateBinarySearchTree.swift */; };
		0E6FADC21D58172200C8D71D /* 100_SameTree.swift in Sources */ = {isa = PBXBuildFile; fileRef = 0E6FADB51D58172200C8D71D /* 100_SameTree.swift */; };
		0E6FADC31D58172200C8D71D /* 101_SymmetricTree.swift in Sources */ = {isa = PBXBuildFile; fileRef = 0E6FADB61D58172200C8D71D /* 101_SymmetricTree.swift */; };
		0E6FADC41D58172200C8D71D /* 102_BinaryTreeLevelOrderTraversal.swift in Sources */ = {isa = PBXBuildFile; fileRef = 0E6FADB71D58172200C8D71D /* 102_BinaryTreeLevelOrderTraversal.swift */; };
		0E6FADC51D58172200C8D71D /* 104_MaximumDepthOfBinaryTree.swift in Sources */ = {isa = PBXBuildFile; fileRef = 0E6FADB81D58172200C8D71D /* 104_MaximumDepthOfBinaryTree.swift */; };
		0E6FADC61D58172200C8D71D /* 105_ConstructBinaryTreeFromPreorderAndInorderTraversal.swift in Sources */ = {isa = PBXBuildFile; fileRef = 0E6FADB91D58172200C8D71D /* 105_ConstructBinaryTreeFromPreorderAndInorderTraversal.swift */; };
		0E6FADC71D58172200C8D71D /* 106_ConstructBinaryTreeFromInorderAndPostorderTraversal.swift in Sources */ = {isa = PBXBuildFile; fileRef = 0E6FADBA1D58172200C8D71D /* 106_ConstructBinaryTreeFromInorderAndPostorderTraversal.swift */; };
		0E6FADC81D58172200C8D71D /* 110_BalancedBinaryTree.swift in Sources */ = {isa = PBXBuildFile; fileRef = 0E6FADBB1D58172200C8D71D /* 110_BalancedBinaryTree.swift */; };
		0E6FADC91D58172200C8D71D /* 111_MinimumDepthOfBinaryTree.swift in Sources */ = {isa = PBXBuildFile; fileRef = 0E6FADBC1D58172200C8D71D /* 111_MinimumDepthOfBinaryTree.swift */; };
		0E6FADCA1D58172200C8D71D /* 112_PathSum.swift in Sources */ = {isa = PBXBuildFile; fileRef = 0E6FADBD1D58172200C8D71D /* 112_PathSum.swift */; };
		0E6FADCB1D58172200C8D71D /* 113_PathSumII.swift in Sources */ = {isa = PBXBuildFile; fileRef = 0E6FADBE1D58172200C8D71D /* 113_PathSumII.swift */; };
		0E6FADCC1D58172200C8D71D /* 226_InvertBinaryTree.swift in Sources */ = {isa = PBXBuildFile; fileRef = 0E6FADBF1D58172200C8D71D /* 226_InvertBinaryTree.swift */; };
		0E6FADCD1D58172200C8D71D /* 337_HouseRobberIII.swift in Sources */ = {isa = PBXBuildFile; fileRef = 0E6FADC01D58172200C8D71D /* 337_HouseRobberIII.swift */; };
		0E6FADCF1D58172B00C8D71D /* LeetCodeKit.swift in Sources */ = {isa = PBXBuildFile; fileRef = 0E6FADCE1D58172B00C8D71D /* LeetCodeKit.swift */; };
		0E755B801DCAC3DD009E9890 /* 18_4Sum.swift in Sources */ = {isa = PBXBuildFile; fileRef = 0E755B7F1DCAC3DD009E9890 /* 18_4Sum.swift */; };
		0E7D77CE1DCE4B9C006DD938 /* 26_RemoveDuplicatesFromSortedArray.swift in Sources */ = {isa = PBXBuildFile; fileRef = 0E7D77CD1DCE4B9C006DD938 /* 26_RemoveDuplicatesFromSortedArray.swift */; };
		0E7D77D61DCE5C99006DD938 /* 80_RemoveDuplicatesFromSortedArrayII.swift in Sources */ = {isa = PBXBuildFile; fileRef = 0E7D77D51DCE5C99006DD938 /* 80_RemoveDuplicatesFromSortedArrayII.swift */; };
		0E7D77D81DCE815C006DD938 /* 49_GroupAnagrams.swift in Sources */ = {isa = PBXBuildFile; fileRef = 0E7D77D71DCE815C006DD938 /* 49_GroupAnagrams.swift */; };
		0E7D77DA1DCEAAEB006DD938 /* 206_ReverseLinkedList.swift in Sources */ = {isa = PBXBuildFile; fileRef = 0E7D77D91DCEAAEB006DD938 /* 206_ReverseLinkedList.swift */; };
		0E7D77DC1DCEB4EE006DD938 /* 83_RemoveDuplicatesFromSortedList.swift in Sources */ = {isa = PBXBuildFile; fileRef = 0E7D77DB1DCEB4EE006DD938 /* 83_RemoveDuplicatesFromSortedList.swift */; };
		0E93F9711D86594C0050995D /* 139_WordBreak.swift in Sources */ = {isa = PBXBuildFile; fileRef = 0E93F9701D86594C0050995D /* 139_WordBreak.swift */; };
		0E948BB31D8CC1B600BEB6A9 /* 213_HouseRobberII.swift in Sources */ = {isa = PBXBuildFile; fileRef = 0E948BB21D8CC1B600BEB6A9 /* 213_HouseRobberII.swift */; };
		0E94D62D1DCFDF16000271F8 /* 61_RotateList.swift in Sources */ = {isa = PBXBuildFile; fileRef = 0E94D62C1DCFDF16000271F8 /* 61_RotateList.swift */; };
		0E952FA41D94B250003342F4 /* 70_ClimbingStairs.swift in Sources */ = {isa = PBXBuildFile; fileRef = 0E952FA31D94B250003342F4 /* 70_ClimbingStairs.swift */; };
		0E952FA61D94D0AD003342F4 /* 121_BestTimeToBuyAndSellStock.swift in Sources */ = {isa = PBXBuildFile; fileRef = 0E952FA51D94D0AD003342F4 /* 121_BestTimeToBuyAndSellStock.swift */; };
		0E9C91F01D753A090022BC93 /* 189_RotateArray.swift in Sources */ = {isa = PBXBuildFile; fileRef = 0E6818C11D735AFC00C33DFB /* 189_RotateArray.swift */; };
		0E9C91F21D7712EB0022BC93 /* 36_ValidSudoku.swift in Sources */ = {isa = PBXBuildFile; fileRef = 0E9C91F11D7712EB0022BC93 /* 36_ValidSudoku.swift */; };
		0E9C91F71D7B09230022BC93 /* 162_FindAPeakElement.swift in Sources */ = {isa = PBXBuildFile; fileRef = 0E9C91F61D7B09230022BC93 /* 162_FindAPeakElement.swift */; };
		0E9C91F91D7B5CEF0022BC93 /* 33_SearchInRotatedSortedArray.swift in Sources */ = {isa = PBXBuildFile; fileRef = 0E9C91F81D7B5CEF0022BC93 /* 33_SearchInRotatedSortedArray.swift */; };
		0E9C91FB1D7B64D20022BC93 /* 81_SearchInRotatedSortedArrayII.swift in Sources */ = {isa = PBXBuildFile; fileRef = 0E9C91FA1D7B64D20022BC93 /* 81_SearchInRotatedSortedArrayII.swift */; };
		0E9C91FD1D7B6E8C0022BC93 /* 153_FindMinimumInRotatedSortedArray.swift in Sources */ = {isa = PBXBuildFile; fileRef = 0E9C91FC1D7B6E8C0022BC93 /* 153_FindMinimumInRotatedSortedArray.swift */; };
		0E9C91FF1D7B7EA80022BC93 /* 154_FindMinimumInRotatedSortedArrayII.swift in Sources */ = {isa = PBXBuildFile; fileRef = 0E9C91FE1D7B7EA80022BC93 /* 154_FindMinimumInRotatedSortedArrayII.swift */; };
		0E9C92011D7B95F20022BC93 /* 69_Sqrtx.swift in Sources */ = {isa = PBXBuildFile; fileRef = 0E9C92001D7B95F20022BC93 /* 69_Sqrtx.swift */; };
		0EA852B81D87980F00721FE2 /* 62_UniquePaths.swift in Sources */ = {isa = PBXBuildFile; fileRef = 0EA852B71D87980F00721FE2 /* 62_UniquePaths.swift */; };
		0EA852BA1D87AB5200721FE2 /* 63_UniquePaths.swift in Sources */ = {isa = PBXBuildFile; fileRef = 0EA852B91D87AB5200721FE2 /* 63_UniquePaths.swift */; };
		0EB02F7D1D8B9F000033F46E /* 198_HouseRobber.swift in Sources */ = {isa = PBXBuildFile; fileRef = 0EB02F7C1D8B9F000033F46E /* 198_HouseRobber.swift */; };
		0EB7AD501D7DB40500278C48 /* 2_AddTwoNumbers.swift in Sources */ = {isa = PBXBuildFile; fileRef = 0EB7AD4F1D7DB40500278C48 /* 2_AddTwoNumbers.swift */; };
		0EB7AD551D7DEE5800278C48 /* 5_LongestPalindromicSubString.swift in Sources */ = {isa = PBXBuildFile; fileRef = 0EB7AD541D7DEE5800278C48 /* 5_LongestPalindromicSubString.swift */; };
		0EB7AD581D7DF5B000278C48 /* 7_ReverseInteger.swift in Sources */ = {isa = PBXBuildFile; fileRef = 0EB7AD571D7DF5B000278C48 /* 7_ReverseInteger.swift */; };
		0EB7AD5A1D7E0B4B00278C48 /* 9_PalindromeNumber.swift in Sources */ = {isa = PBXBuildFile; fileRef = 0EB7AD591D7E0B4B00278C48 /* 9_PalindromeNumber.swift */; };
		0EB7AD5C1D7E0F8B00278C48 /* 24_SwapNodesInPairs.swift in Sources */ = {isa = PBXBuildFile; fileRef = 0EB7AD5B1D7E0F8B00278C48 /* 24_SwapNodesInPairs.swift */; };
		0EB7AD5E1D7E1D8B00278C48 /* 165_CompareVersionNumbers.swift in Sources */ = {isa = PBXBuildFile; fileRef = 0EB7AD5D1D7E1D8B00278C48 /* 165_CompareVersionNumbers.swift */; };
		0EB7AD601D7E273A00278C48 /* 258_AddDigits.swift in Sources */ = {isa = PBXBuildFile; fileRef = 0EB7AD5F1D7E273A00278C48 /* 258_AddDigits.swift */; };
		0EB7AD621D7E393900278C48 /* 278_FirstBadVersion.swift in Sources */ = {isa = PBXBuildFile; fileRef = 0EB7AD611D7E393900278C48 /* 278_FirstBadVersion.swift */; };
		0EB7AD641D7E402100278C48 /* 389_FindTheDifference.swift in Sources */ = {isa = PBXBuildFile; fileRef = 0EB7AD631D7E402100278C48 /* 389_FindTheDifference.swift */; };
		0EB7AD661D7E471100278C48 /* 136_SingleNumber.swift in Sources */ = {isa = PBXBuildFile; fileRef = 0EB7AD651D7E471100278C48 /* 136_SingleNumber.swift */; };
		0EB7AD681D7E485B00278C48 /* 231_PowerOfTwo.swift in Sources */ = {isa = PBXBuildFile; fileRef = 0EB7AD671D7E485B00278C48 /* 231_PowerOfTwo.swift */; };
		0EB7AD6A1D7E4C7D00278C48 /* 326_PowerOfThree.swift in Sources */ = {isa = PBXBuildFile; fileRef = 0EB7AD691D7E4C7D00278C48 /* 326_PowerOfThree.swift */; };
		0EB7AD6C1D7E5B7500278C48 /* 13_RomanToInteger.swift in Sources */ = {isa = PBXBuildFile; fileRef = 0EB7AD6B1D7E5B7500278C48 /* 13_RomanToInteger.swift */; };
		0EB7AD6E1D7E5CB500278C48 /* 263_UglyNumber.swift in Sources */ = {isa = PBXBuildFile; fileRef = 0EB7AD6D1D7E5CB500278C48 /* 263_UglyNumber.swift */; };
		0EBC87F91D7CAE12003DE97A /* 35_SearchInsertPosition.swift in Sources */ = {isa = PBXBuildFile; fileRef = 0EBC87F81D7CAE12003DE97A /* 35_SearchInsertPosition.swift */; };
		0EBC87FB1D7CBFD1003DE97A /* 34_SearchForARange.swift in Sources */ = {isa = PBXBuildFile; fileRef = 0EBC87FA1D7CBFD1003DE97A /* 34_SearchForARange.swift */; };
		0EBC87FD1D7CCA57003DE97A /* 235_LowestCommonAncestor.swift in Sources */ = {isa = PBXBuildFile; fileRef = 0EBC87FC1D7CCA57003DE97A /* 235_LowestCommonAncestor.swift */; };
		0EBC87FF1D7D1814003DE97A /* 124_BinaryTreeMaximumPathSum.swift in Sources */ = {isa = PBXBuildFile; fileRef = 0EBC87FE1D7D1814003DE97A /* 124_BinaryTreeMaximumPathSum.swift */; };
		0EEF2D541D71CC6B00A85EAA /* 3_LongestSubStringWithoutRepeatingCharacters.swift in Sources */ = {isa = PBXBuildFile; fileRef = 0EEF2D531D71CC6B00A85EAA /* 3_LongestSubStringWithoutRepeatingCharacters.swift */; };
		0EEF2D561D71D8D100A85EAA /* 383_RansomNote.swift in Sources */ = {isa = PBXBuildFile; fileRef = 0EEF2D551D71D8D100A85EAA /* 383_RansomNote.swift */; };
		0EEF2D581D72103A00A85EAA /* 58_LengthOfLastWord.swift in Sources */ = {isa = PBXBuildFile; fileRef = 0EEF2D571D72103A00A85EAA /* 58_LengthOfLastWord.swift */; };
		0EEF2D5B1D72167200A85EAA /* 349_IntersectionOfTwoArrays.swift in Sources */ = {isa = PBXBuildFile; fileRef = 0EEF2D5A1D72167200A85EAA /* 349_IntersectionOfTwoArrays.swift */; };
		0EEF2D5D1D7222AE00A85EAA /* 350_IntersectionOfTwoArraysII.swift in Sources */ = {isa = PBXBuildFile; fileRef = 0EEF2D5C1D7222AE00A85EAA /* 350_IntersectionOfTwoArraysII.swift */; };
		0EEF2D5F1D72266900A85EAA /* 217_ContainsDuplicate.swift in Sources */ = {isa = PBXBuildFile; fileRef = 0EEF2D5E1D72266900A85EAA /* 217_ContainsDuplicate.swift */; };
		0EEF2D611D7227F300A85EAA /* 283_MoveZeros.swift in Sources */ = {isa = PBXBuildFile; fileRef = 0EEF2D601D7227F300A85EAA /* 283_MoveZeros.swift */; };
		0EEF2D631D728B3000A85EAA /* 27_RemoveElement.swift in Sources */ = {isa = PBXBuildFile; fileRef = 0EEF2D621D728B3000A85EAA /* 27_RemoveElement.swift */; };
/* End PBXBuildFile section */

/* Begin PBXContainerItemProxy section */
		0E6FAD661D5811BE00C8D71D /* PBXContainerItemProxy */ = {
			isa = PBXContainerItemProxy;
			containerPortal = 0E6FAD491D5811BE00C8D71D /* Project object */;
			proxyType = 1;
			remoteGlobalIDString = 0E6FAD501D5811BE00C8D71D;
			remoteInfo = LeetcodeSwift;
		};
		0E6FAD711D5811BE00C8D71D /* PBXContainerItemProxy */ = {
			isa = PBXContainerItemProxy;
			containerPortal = 0E6FAD491D5811BE00C8D71D /* Project object */;
			proxyType = 1;
			remoteGlobalIDString = 0E6FAD501D5811BE00C8D71D;
			remoteInfo = LeetcodeSwift;
		};
/* End PBXContainerItemProxy section */

/* Begin PBXFileReference section */
		0E5185C41D8A3D7100E7FD18 /* 53_MaximumSubarry.swift */ = {isa = PBXFileReference; fileEncoding = 4; lastKnownFileType = sourcecode.swift; path = 53_MaximumSubarry.swift; sourceTree = "<group>"; };
		0E55A4711D8EE7A2004982DF /* 152_MaximumProductSubarray.swift */ = {isa = PBXFileReference; fileEncoding = 4; lastKnownFileType = sourcecode.swift; path = 152_MaximumProductSubarray.swift; sourceTree = "<group>"; };
		0E55A4731D8F3AA0004982DF /* 221_MaximalSquare.swift */ = {isa = PBXFileReference; fileEncoding = 4; lastKnownFileType = sourcecode.swift; path = 221_MaximalSquare.swift; sourceTree = "<group>"; };
		0E5622401D897A5900D069D5 /* 279_PerfectSquares.swift */ = {isa = PBXFileReference; fileEncoding = 4; lastKnownFileType = sourcecode.swift; path = 279_PerfectSquares.swift; sourceTree = "<group>"; };
		0E5622421D89804300D069D5 /* 322_CoinChange.swift */ = {isa = PBXFileReference; fileEncoding = 4; lastKnownFileType = sourcecode.swift; path = 322_CoinChange.swift; sourceTree = "<group>"; };
		0E58FD2E1D80E49400239011 /* 228_SummaryRange.swift */ = {isa = PBXFileReference; fileEncoding = 4; lastKnownFileType = sourcecode.swift; path = 228_SummaryRange.swift; sourceTree = "<group>"; };
		0E58FD301D80EDC900239011 /* 48_RotateImage.swift */ = {isa = PBXFileReference; fileEncoding = 4; lastKnownFileType = sourcecode.swift; path = 48_RotateImage.swift; sourceTree = "<group>"; };
		0E5D15581D7F9468001EB24C /* 15_3Sum.swift */ = {isa = PBXFileReference; fileEncoding = 4; lastKnownFileType = sourcecode.swift; path = 15_3Sum.swift; sourceTree = "<group>"; };
		0E5D155A1D7FBB7C001EB24C /* 8_StringToInteger.swift */ = {isa = PBXFileReference; fileEncoding = 4; lastKnownFileType = sourcecode.swift; path = 8_StringToInteger.swift; sourceTree = "<group>"; };
		0E5EADC41D5D61DD008E79B4 /* 242_ValidAnagram.swift */ = {isa = PBXFileReference; fileEncoding = 4; lastKnownFileType = sourcecode.swift; path = 242_ValidAnagram.swift; sourceTree = "<group>"; };
		0E5EADC61D5D6A78008E79B4 /* 28_ImplementStrStr.swift */ = {isa = PBXFileReference; fileEncoding = 4; lastKnownFileType = sourcecode.swift; path = 28_ImplementStrStr.swift; sourceTree = "<group>"; };
		0E61C9721D60CCF60014C2D2 /* 14_LongestCommonPrefix.swift */ = {isa = PBXFileReference; fileEncoding = 4; lastKnownFileType = sourcecode.swift; path = 14_LongestCommonPrefix.swift; sourceTree = "<group>"; };
		0E67250B1D7329A400408DA3 /* 1_TwoSum.swift */ = {isa = PBXFileReference; fileEncoding = 4; lastKnownFileType = sourcecode.swift; path = 1_TwoSum.swift; sourceTree = "<group>"; };
		0E6818C11D735AFC00C33DFB /* 189_RotateArray.swift */ = {isa = PBXFileReference; fileEncoding = 4; lastKnownFileType = sourcecode.swift; path = 189_RotateArray.swift; sourceTree = "<group>"; };
		0E6818C31D73788500C33DFB /* LinkedListTest.swift */ = {isa = PBXFileReference; fileEncoding = 4; lastKnownFileType = sourcecode.swift; path = LinkedListTest.swift; sourceTree = "<group>"; };
		0E6CDE801D98A1CE00FB662F /* 72_EditDistance.swift */ = {isa = PBXFileReference; fileEncoding = 4; lastKnownFileType = sourcecode.swift; path = 72_EditDistance.swift; sourceTree = "<group>"; };
		0E6CDE821D98BA4100FB662F /* ArrayExtensionTest.swift */ = {isa = PBXFileReference; fileEncoding = 4; lastKnownFileType = sourcecode.swift; path = ArrayExtensionTest.swift; sourceTree = "<group>"; };
		0E6FAD511D5811BE00C8D71D /* LeetcodeSwift.app */ = {isa = PBXFileReference; explicitFileType = wrapper.application; includeInIndex = 0; path = LeetcodeSwift.app; sourceTree = BUILT_PRODUCTS_DIR; };
		0E6FAD541D5811BE00C8D71D /* AppDelegate.swift */ = {isa = PBXFileReference; lastKnownFileType = sourcecode.swift; path = AppDelegate.swift; sourceTree = "<group>"; };
		0E6FAD561D5811BE00C8D71D /* ViewController.swift */ = {isa = PBXFileReference; lastKnownFileType = sourcecode.swift; path = ViewController.swift; sourceTree = "<group>"; };
		0E6FAD591D5811BE00C8D71D /* Base */ = {isa = PBXFileReference; lastKnownFileType = file.storyboard; name = Base; path = Base.lproj/Main.storyboard; sourceTree = "<group>"; };
		0E6FAD5B1D5811BE00C8D71D /* Assets.xcassets */ = {isa = PBXFileReference; lastKnownFileType = folder.assetcatalog; path = Assets.xcassets; sourceTree = "<group>"; };
		0E6FAD5E1D5811BE00C8D71D /* Base */ = {isa = PBXFileReference; lastKnownFileType = file.storyboard; name = Base; path = Base.lproj/LaunchScreen.storyboard; sourceTree = "<group>"; };
		0E6FAD601D5811BE00C8D71D /* Info.plist */ = {isa = PBXFileReference; lastKnownFileType = text.plist.xml; path = Info.plist; sourceTree = "<group>"; };
		0E6FAD651D5811BE00C8D71D /* LeetcodeSwiftTests.xctest */ = {isa = PBXFileReference; explicitFileType = wrapper.cfbundle; includeInIndex = 0; path = LeetcodeSwiftTests.xctest; sourceTree = BUILT_PRODUCTS_DIR; };
		0E6FAD691D5811BE00C8D71D /* LeetcodeSwiftTests.swift */ = {isa = PBXFileReference; lastKnownFileType = sourcecode.swift; path = LeetcodeSwiftTests.swift; sourceTree = "<group>"; };
		0E6FAD6B1D5811BE00C8D71D /* Info.plist */ = {isa = PBXFileReference; lastKnownFileType = text.plist.xml; path = Info.plist; sourceTree = "<group>"; };
		0E6FAD701D5811BE00C8D71D /* LeetcodeSwiftUITests.xctest */ = {isa = PBXFileReference; explicitFileType = wrapper.cfbundle; includeInIndex = 0; path = LeetcodeSwiftUITests.xctest; sourceTree = BUILT_PRODUCTS_DIR; };
		0E6FAD741D5811BE00C8D71D /* LeetcodeSwiftUITests.swift */ = {isa = PBXFileReference; lastKnownFileType = sourcecode.swift; path = LeetcodeSwiftUITests.swift; sourceTree = "<group>"; };
		0E6FAD761D5811BE00C8D71D /* Info.plist */ = {isa = PBXFileReference; lastKnownFileType = text.plist.xml; path = Info.plist; sourceTree = "<group>"; };
		0E6FADAC1D58171900C8D71D /* 205_IsomorphicString.swift */ = {isa = PBXFileReference; fileEncoding = 4; lastKnownFileType = sourcecode.swift; path = 205_IsomorphicString.swift; sourceTree = "<group>"; };
		0E6FADAD1D58171900C8D71D /* 290_WordPattern.swift */ = {isa = PBXFileReference; fileEncoding = 4; lastKnownFileType = sourcecode.swift; path = 290_WordPattern.swift; sourceTree = "<group>"; };
		0E6FADAE1D58171900C8D71D /* 344_ReverseString.swift */ = {isa = PBXFileReference; fileEncoding = 4; lastKnownFileType = sourcecode.swift; path = 344_ReverseString.swift; sourceTree = "<group>"; };
		0E6FADAF1D58171900C8D71D /* 345_ReverseVowelsOfAString.swift */ = {isa = PBXFileReference; fileEncoding = 4; lastKnownFileType = sourcecode.swift; path = 345_ReverseVowelsOfAString.swift; sourceTree = "<group>"; };
		0E6FADB41D58172200C8D71D /* 98_ValidateBinarySearchTree.swift */ = {isa = PBXFileReference; fileEncoding = 4; lastKnownFileType = sourcecode.swift; path = 98_ValidateBinarySearchTree.swift; sourceTree = "<group>"; };
		0E6FADB51D58172200C8D71D /* 100_SameTree.swift */ = {isa = PBXFileReference; fileEncoding = 4; lastKnownFileType = sourcecode.swift; path = 100_SameTree.swift; sourceTree = "<group>"; };
		0E6FADB61D58172200C8D71D /* 101_SymmetricTree.swift */ = {isa = PBXFileReference; fileEncoding = 4; lastKnownFileType = sourcecode.swift; path = 101_SymmetricTree.swift; sourceTree = "<group>"; };
		0E6FADB71D58172200C8D71D /* 102_BinaryTreeLevelOrderTraversal.swift */ = {isa = PBXFileReference; fileEncoding = 4; lastKnownFileType = sourcecode.swift; path = 102_BinaryTreeLevelOrderTraversal.swift; sourceTree = "<group>"; };
		0E6FADB81D58172200C8D71D /* 104_MaximumDepthOfBinaryTree.swift */ = {isa = PBXFileReference; fileEncoding = 4; lastKnownFileType = sourcecode.swift; path = 104_MaximumDepthOfBinaryTree.swift; sourceTree = "<group>"; };
		0E6FADB91D58172200C8D71D /* 105_ConstructBinaryTreeFromPreorderAndInorderTraversal.swift */ = {isa = PBXFileReference; fileEncoding = 4; lastKnownFileType = sourcecode.swift; path = 105_ConstructBinaryTreeFromPreorderAndInorderTraversal.swift; sourceTree = "<group>"; };
		0E6FADBA1D58172200C8D71D /* 106_ConstructBinaryTreeFromInorderAndPostorderTraversal.swift */ = {isa = PBXFileReference; fileEncoding = 4; lastKnownFileType = sourcecode.swift; path = 106_ConstructBinaryTreeFromInorderAndPostorderTraversal.swift; sourceTree = "<group>"; };
		0E6FADBB1D58172200C8D71D /* 110_BalancedBinaryTree.swift */ = {isa = PBXFileReference; fileEncoding = 4; lastKnownFileType = sourcecode.swift; path = 110_BalancedBinaryTree.swift; sourceTree = "<group>"; };
		0E6FADBC1D58172200C8D71D /* 111_MinimumDepthOfBinaryTree.swift */ = {isa = PBXFileReference; fileEncoding = 4; lastKnownFileType = sourcecode.swift; path = 111_MinimumDepthOfBinaryTree.swift; sourceTree = "<group>"; };
		0E6FADBD1D58172200C8D71D /* 112_PathSum.swift */ = {isa = PBXFileReference; fileEncoding = 4; lastKnownFileType = sourcecode.swift; path = 112_PathSum.swift; sourceTree = "<group>"; };
		0E6FADBE1D58172200C8D71D /* 113_PathSumII.swift */ = {isa = PBXFileReference; fileEncoding = 4; lastKnownFileType = sourcecode.swift; path = 113_PathSumII.swift; sourceTree = "<group>"; };
		0E6FADBF1D58172200C8D71D /* 226_InvertBinaryTree.swift */ = {isa = PBXFileReference; fileEncoding = 4; lastKnownFileType = sourcecode.swift; path = 226_InvertBinaryTree.swift; sourceTree = "<group>"; };
		0E6FADC01D58172200C8D71D /* 337_HouseRobberIII.swift */ = {isa = PBXFileReference; fileEncoding = 4; lastKnownFileType = sourcecode.swift; path = 337_HouseRobberIII.swift; sourceTree = "<group>"; };
		0E6FADCE1D58172B00C8D71D /* LeetCodeKit.swift */ = {isa = PBXFileReference; fileEncoding = 4; lastKnownFileType = sourcecode.swift; path = LeetCodeKit.swift; sourceTree = "<group>"; };
		0E755B7F1DCAC3DD009E9890 /* 18_4Sum.swift */ = {isa = PBXFileReference; fileEncoding = 4; lastKnownFileType = sourcecode.swift; path = 18_4Sum.swift; sourceTree = "<group>"; };
		0E7D77CD1DCE4B9C006DD938 /* 26_RemoveDuplicatesFromSortedArray.swift */ = {isa = PBXFileReference; fileEncoding = 4; lastKnownFileType = sourcecode.swift; path = 26_RemoveDuplicatesFromSortedArray.swift; sourceTree = "<group>"; };
		0E7D77D51DCE5C99006DD938 /* 80_RemoveDuplicatesFromSortedArrayII.swift */ = {isa = PBXFileReference; fileEncoding = 4; lastKnownFileType = sourcecode.swift; path = 80_RemoveDuplicatesFromSortedArrayII.swift; sourceTree = "<group>"; };
		0E7D77D71DCE815C006DD938 /* 49_GroupAnagrams.swift */ = {isa = PBXFileReference; fileEncoding = 4; lastKnownFileType = sourcecode.swift; path = 49_GroupAnagrams.swift; sourceTree = "<group>"; };
		0E7D77D91DCEAAEB006DD938 /* 206_ReverseLinkedList.swift */ = {isa = PBXFileReference; fileEncoding = 4; lastKnownFileType = sourcecode.swift; path = 206_ReverseLinkedList.swift; sourceTree = "<group>"; };
		0E7D77DB1DCEB4EE006DD938 /* 83_RemoveDuplicatesFromSortedList.swift */ = {isa = PBXFileReference; fileEncoding = 4; lastKnownFileType = sourcecode.swift; path = 83_RemoveDuplicatesFromSortedList.swift; sourceTree = "<group>"; };
		0E93F9701D86594C0050995D /* 139_WordBreak.swift */ = {isa = PBXFileReference; fileEncoding = 4; lastKnownFileType = sourcecode.swift; path = 139_WordBreak.swift; sourceTree = "<group>"; };
		0E948BB21D8CC1B600BEB6A9 /* 213_HouseRobberII.swift */ = {isa = PBXFileReference; fileEncoding = 4; lastKnownFileType = sourcecode.swift; path = 213_HouseRobberII.swift; sourceTree = "<group>"; };
		0E94D62C1DCFDF16000271F8 /* 61_RotateList.swift */ = {isa = PBXFileReference; fileEncoding = 4; lastKnownFileType = sourcecode.swift; path = 61_RotateList.swift; sourceTree = "<group>"; };
		0E952FA31D94B250003342F4 /* 70_ClimbingStairs.swift */ = {isa = PBXFileReference; fileEncoding = 4; lastKnownFileType = sourcecode.swift; path = 70_ClimbingStairs.swift; sourceTree = "<group>"; };
		0E952FA51D94D0AD003342F4 /* 121_BestTimeToBuyAndSellStock.swift */ = {isa = PBXFileReference; fileEncoding = 4; lastKnownFileType = sourcecode.swift; path = 121_BestTimeToBuyAndSellStock.swift; sourceTree = "<group>"; };
		0E9C91F11D7712EB0022BC93 /* 36_ValidSudoku.swift */ = {isa = PBXFileReference; fileEncoding = 4; lastKnownFileType = sourcecode.swift; path = 36_ValidSudoku.swift; sourceTree = "<group>"; };
		0E9C91F61D7B09230022BC93 /* 162_FindAPeakElement.swift */ = {isa = PBXFileReference; fileEncoding = 4; lastKnownFileType = sourcecode.swift; path = 162_FindAPeakElement.swift; sourceTree = "<group>"; };
		0E9C91F81D7B5CEF0022BC93 /* 33_SearchInRotatedSortedArray.swift */ = {isa = PBXFileReference; fileEncoding = 4; lastKnownFileType = sourcecode.swift; path = 33_SearchInRotatedSortedArray.swift; sourceTree = "<group>"; };
		0E9C91FA1D7B64D20022BC93 /* 81_SearchInRotatedSortedArrayII.swift */ = {isa = PBXFileReference; fileEncoding = 4; lastKnownFileType = sourcecode.swift; path = 81_SearchInRotatedSortedArrayII.swift; sourceTree = "<group>"; };
		0E9C91FC1D7B6E8C0022BC93 /* 153_FindMinimumInRotatedSortedArray.swift */ = {isa = PBXFileReference; fileEncoding = 4; lastKnownFileType = sourcecode.swift; path = 153_FindMinimumInRotatedSortedArray.swift; sourceTree = "<group>"; };
		0E9C91FE1D7B7EA80022BC93 /* 154_FindMinimumInRotatedSortedArrayII.swift */ = {isa = PBXFileReference; fileEncoding = 4; lastKnownFileType = sourcecode.swift; path = 154_FindMinimumInRotatedSortedArrayII.swift; sourceTree = "<group>"; };
		0E9C92001D7B95F20022BC93 /* 69_Sqrtx.swift */ = {isa = PBXFileReference; fileEncoding = 4; lastKnownFileType = sourcecode.swift; path = 69_Sqrtx.swift; sourceTree = "<group>"; };
		0EA852B71D87980F00721FE2 /* 62_UniquePaths.swift */ = {isa = PBXFileReference; fileEncoding = 4; lastKnownFileType = sourcecode.swift; path = 62_UniquePaths.swift; sourceTree = "<group>"; };
		0EA852B91D87AB5200721FE2 /* 63_UniquePaths.swift */ = {isa = PBXFileReference; fileEncoding = 4; lastKnownFileType = sourcecode.swift; path = 63_UniquePaths.swift; sourceTree = "<group>"; };
		0EB02F7C1D8B9F000033F46E /* 198_HouseRobber.swift */ = {isa = PBXFileReference; fileEncoding = 4; lastKnownFileType = sourcecode.swift; path = 198_HouseRobber.swift; sourceTree = "<group>"; };
		0EB7AD4F1D7DB40500278C48 /* 2_AddTwoNumbers.swift */ = {isa = PBXFileReference; fileEncoding = 4; lastKnownFileType = sourcecode.swift; path = 2_AddTwoNumbers.swift; sourceTree = "<group>"; };
		0EB7AD541D7DEE5800278C48 /* 5_LongestPalindromicSubString.swift */ = {isa = PBXFileReference; fileEncoding = 4; lastKnownFileType = sourcecode.swift; path = 5_LongestPalindromicSubString.swift; sourceTree = "<group>"; };
		0EB7AD571D7DF5B000278C48 /* 7_ReverseInteger.swift */ = {isa = PBXFileReference; fileEncoding = 4; lastKnownFileType = sourcecode.swift; path = 7_ReverseInteger.swift; sourceTree = "<group>"; };
		0EB7AD591D7E0B4B00278C48 /* 9_PalindromeNumber.swift */ = {isa = PBXFileReference; fileEncoding = 4; lastKnownFileType = sourcecode.swift; path = 9_PalindromeNumber.swift; sourceTree = "<group>"; };
		0EB7AD5B1D7E0F8B00278C48 /* 24_SwapNodesInPairs.swift */ = {isa = PBXFileReference; fileEncoding = 4; lastKnownFileType = sourcecode.swift; path = 24_SwapNodesInPairs.swift; sourceTree = "<group>"; };
		0EB7AD5D1D7E1D8B00278C48 /* 165_CompareVersionNumbers.swift */ = {isa = PBXFileReference; fileEncoding = 4; lastKnownFileType = sourcecode.swift; path = 165_CompareVersionNumbers.swift; sourceTree = "<group>"; };
		0EB7AD5F1D7E273A00278C48 /* 258_AddDigits.swift */ = {isa = PBXFileReference; fileEncoding = 4; lastKnownFileType = sourcecode.swift; path = 258_AddDigits.swift; sourceTree = "<group>"; };
		0EB7AD611D7E393900278C48 /* 278_FirstBadVersion.swift */ = {isa = PBXFileReference; fileEncoding = 4; lastKnownFileType = sourcecode.swift; path = 278_FirstBadVersion.swift; sourceTree = "<group>"; };
		0EB7AD631D7E402100278C48 /* 389_FindTheDifference.swift */ = {isa = PBXFileReference; fileEncoding = 4; lastKnownFileType = sourcecode.swift; path = 389_FindTheDifference.swift; sourceTree = "<group>"; };
		0EB7AD651D7E471100278C48 /* 136_SingleNumber.swift */ = {isa = PBXFileReference; fileEncoding = 4; lastKnownFileType = sourcecode.swift; path = 136_SingleNumber.swift; sourceTree = "<group>"; };
		0EB7AD671D7E485B00278C48 /* 231_PowerOfTwo.swift */ = {isa = PBXFileReference; fileEncoding = 4; lastKnownFileType = sourcecode.swift; path = 231_PowerOfTwo.swift; sourceTree = "<group>"; };
		0EB7AD691D7E4C7D00278C48 /* 326_PowerOfThree.swift */ = {isa = PBXFileReference; fileEncoding = 4; lastKnownFileType = sourcecode.swift; path = 326_PowerOfThree.swift; sourceTree = "<group>"; };
		0EB7AD6B1D7E5B7500278C48 /* 13_RomanToInteger.swift */ = {isa = PBXFileReference; fileEncoding = 4; lastKnownFileType = sourcecode.swift; path = 13_RomanToInteger.swift; sourceTree = "<group>"; };
		0EB7AD6D1D7E5CB500278C48 /* 263_UglyNumber.swift */ = {isa = PBXFileReference; fileEncoding = 4; lastKnownFileType = sourcecode.swift; path = 263_UglyNumber.swift; sourceTree = "<group>"; };
		0EBC87F81D7CAE12003DE97A /* 35_SearchInsertPosition.swift */ = {isa = PBXFileReference; fileEncoding = 4; lastKnownFileType = sourcecode.swift; path = 35_SearchInsertPosition.swift; sourceTree = "<group>"; };
		0EBC87FA1D7CBFD1003DE97A /* 34_SearchForARange.swift */ = {isa = PBXFileReference; fileEncoding = 4; lastKnownFileType = sourcecode.swift; path = 34_SearchForARange.swift; sourceTree = "<group>"; };
		0EBC87FC1D7CCA57003DE97A /* 235_LowestCommonAncestor.swift */ = {isa = PBXFileReference; fileEncoding = 4; lastKnownFileType = sourcecode.swift; path = 235_LowestCommonAncestor.swift; sourceTree = "<group>"; };
		0EBC87FE1D7D1814003DE97A /* 124_BinaryTreeMaximumPathSum.swift */ = {isa = PBXFileReference; fileEncoding = 4; lastKnownFileType = sourcecode.swift; path = 124_BinaryTreeMaximumPathSum.swift; sourceTree = "<group>"; };
		0EEF2D531D71CC6B00A85EAA /* 3_LongestSubStringWithoutRepeatingCharacters.swift */ = {isa = PBXFileReference; fileEncoding = 4; lastKnownFileType = sourcecode.swift; path = 3_LongestSubStringWithoutRepeatingCharacters.swift; sourceTree = "<group>"; };
		0EEF2D551D71D8D100A85EAA /* 383_RansomNote.swift */ = {isa = PBXFileReference; fileEncoding = 4; lastKnownFileType = sourcecode.swift; path = 383_RansomNote.swift; sourceTree = "<group>"; };
		0EEF2D571D72103A00A85EAA /* 58_LengthOfLastWord.swift */ = {isa = PBXFileReference; fileEncoding = 4; lastKnownFileType = sourcecode.swift; path = 58_LengthOfLastWord.swift; sourceTree = "<group>"; };
		0EEF2D5A1D72167200A85EAA /* 349_IntersectionOfTwoArrays.swift */ = {isa = PBXFileReference; fileEncoding = 4; lastKnownFileType = sourcecode.swift; path = 349_IntersectionOfTwoArrays.swift; sourceTree = "<group>"; };
		0EEF2D5C1D7222AE00A85EAA /* 350_IntersectionOfTwoArraysII.swift */ = {isa = PBXFileReference; fileEncoding = 4; lastKnownFileType = sourcecode.swift; path = 350_IntersectionOfTwoArraysII.swift; sourceTree = "<group>"; };
		0EEF2D5E1D72266900A85EAA /* 217_ContainsDuplicate.swift */ = {isa = PBXFileReference; fileEncoding = 4; lastKnownFileType = sourcecode.swift; path = 217_ContainsDuplicate.swift; sourceTree = "<group>"; };
		0EEF2D601D7227F300A85EAA /* 283_MoveZeros.swift */ = {isa = PBXFileReference; fileEncoding = 4; lastKnownFileType = sourcecode.swift; path = 283_MoveZeros.swift; sourceTree = "<group>"; };
		0EEF2D621D728B3000A85EAA /* 27_RemoveElement.swift */ = {isa = PBXFileReference; fileEncoding = 4; lastKnownFileType = sourcecode.swift; path = 27_RemoveElement.swift; sourceTree = "<group>"; };
/* End PBXFileReference section */

/* Begin PBXFrameworksBuildPhase section */
		0E6FAD4E1D5811BE00C8D71D /* Frameworks */ = {
			isa = PBXFrameworksBuildPhase;
			buildActionMask = 2147483647;
			files = (
			);
			runOnlyForDeploymentPostprocessing = 0;
		};
		0E6FAD621D5811BE00C8D71D /* Frameworks */ = {
			isa = PBXFrameworksBuildPhase;
			buildActionMask = 2147483647;
			files = (
			);
			runOnlyForDeploymentPostprocessing = 0;
		};
		0E6FAD6D1D5811BE00C8D71D /* Frameworks */ = {
			isa = PBXFrameworksBuildPhase;
			buildActionMask = 2147483647;
			files = (
			);
			runOnlyForDeploymentPostprocessing = 0;
		};
/* End PBXFrameworksBuildPhase section */

/* Begin PBXGroup section */
		0E6FAD481D5811BE00C8D71D = {
			isa = PBXGroup;
			children = (
				0E6FAD821D58120400C8D71D /* Sources */,
				0E6FAD531D5811BE00C8D71D /* LeetcodeSwift */,
				0E6FAD681D5811BE00C8D71D /* LeetcodeSwiftTests */,
				0E6FAD731D5811BE00C8D71D /* LeetcodeSwiftUITests */,
				0E6FAD521D5811BE00C8D71D /* Products */,
			);
			sourceTree = "<group>";
		};
		0E6FAD521D5811BE00C8D71D /* Products */ = {
			isa = PBXGroup;
			children = (
				0E6FAD511D5811BE00C8D71D /* LeetcodeSwift.app */,
				0E6FAD651D5811BE00C8D71D /* LeetcodeSwiftTests.xctest */,
				0E6FAD701D5811BE00C8D71D /* LeetcodeSwiftUITests.xctest */,
			);
			name = Products;
			sourceTree = "<group>";
		};
		0E6FAD531D5811BE00C8D71D /* LeetcodeSwift */ = {
			isa = PBXGroup;
			children = (
				0E6FAD541D5811BE00C8D71D /* AppDelegate.swift */,
				0E6FAD561D5811BE00C8D71D /* ViewController.swift */,
				0E6FAD581D5811BE00C8D71D /* Main.storyboard */,
				0E6FAD5B1D5811BE00C8D71D /* Assets.xcassets */,
				0E6FAD5D1D5811BE00C8D71D /* LaunchScreen.storyboard */,
				0E6FAD601D5811BE00C8D71D /* Info.plist */,
			);
			path = LeetcodeSwift;
			sourceTree = "<group>";
		};
		0E6FAD681D5811BE00C8D71D /* LeetcodeSwiftTests */ = {
			isa = PBXGroup;
			children = (
				0E6CDE821D98BA4100FB662F /* ArrayExtensionTest.swift */,
				0E6FAD691D5811BE00C8D71D /* LeetcodeSwiftTests.swift */,
				0E6818C31D73788500C33DFB /* LinkedListTest.swift */,
				0E6FAD6B1D5811BE00C8D71D /* Info.plist */,
			);
			path = LeetcodeSwiftTests;
			sourceTree = "<group>";
		};
		0E6FAD731D5811BE00C8D71D /* LeetcodeSwiftUITests */ = {
			isa = PBXGroup;
			children = (
				0E6FAD741D5811BE00C8D71D /* LeetcodeSwiftUITests.swift */,
				0E6FAD761D5811BE00C8D71D /* Info.plist */,
			);
			path = LeetcodeSwiftUITests;
			sourceTree = "<group>";
		};
		0E6FAD821D58120400C8D71D /* Sources */ = {
			isa = PBXGroup;
			children = (
				0E6FADCE1D58172B00C8D71D /* LeetCodeKit.swift */,
				0EEF2D591D7215B500A85EAA /* Array */,
				0EB7AD531D7DCF2300278C48 /* DynamicProgramming */,
				0EB7AD4E1D7DB3DE00278C48 /* LinkedList */,
				0EB7AD561D7DF59300278C48 /* Math */,
				0E9C91F51D7B09050022BC93 /* Search */,
				0E6FADAA1D5816EB00C8D71D /* String */,
				0E6FADAB1D5816F200C8D71D /* Tree */,
			);
			path = Sources;
			sourceTree = "<group>";
		};
		0E6FADAA1D5816EB00C8D71D /* String */ = {
			isa = PBXGroup;
			children = (
				0EEF2D531D71CC6B00A85EAA /* 3_LongestSubStringWithoutRepeatingCharacters.swift */,
				0E61C9721D60CCF60014C2D2 /* 14_LongestCommonPrefix.swift */,
				0E5EADC61D5D6A78008E79B4 /* 28_ImplementStrStr.swift */,
				0E7D77D71DCE815C006DD938 /* 49_GroupAnagrams.swift */,
				0EEF2D571D72103A00A85EAA /* 58_LengthOfLastWord.swift */,
				0EB7AD5D1D7E1D8B00278C48 /* 165_CompareVersionNumbers.swift */,
				0E6FADAC1D58171900C8D71D /* 205_IsomorphicString.swift */,
				0E5EADC41D5D61DD008E79B4 /* 242_ValidAnagram.swift */,
				0E6FADAD1D58171900C8D71D /* 290_WordPattern.swift */,
				0E6FADAE1D58171900C8D71D /* 344_ReverseString.swift */,
				0E6FADAF1D58171900C8D71D /* 345_ReverseVowelsOfAString.swift */,
				0EEF2D551D71D8D100A85EAA /* 383_RansomNote.swift */,
				0EB7AD631D7E402100278C48 /* 389_FindTheDifference.swift */,
			);
			path = String;
			sourceTree = "<group>";
		};
		0E6FADAB1D5816F200C8D71D /* Tree */ = {
			isa = PBXGroup;
			children = (
				0E6FADB41D58172200C8D71D /* 98_ValidateBinarySearchTree.swift */,
				0E6FADB51D58172200C8D71D /* 100_SameTree.swift */,
				0E6FADB61D58172200C8D71D /* 101_SymmetricTree.swift */,
				0E6FADB71D58172200C8D71D /* 102_BinaryTreeLevelOrderTraversal.swift */,
				0E6FADB81D58172200C8D71D /* 104_MaximumDepthOfBinaryTree.swift */,
				0E6FADB91D58172200C8D71D /* 105_ConstructBinaryTreeFromPreorderAndInorderTraversal.swift */,
				0E6FADBA1D58172200C8D71D /* 106_ConstructBinaryTreeFromInorderAndPostorderTraversal.swift */,
				0E6FADBB1D58172200C8D71D /* 110_BalancedBinaryTree.swift */,
				0E6FADBC1D58172200C8D71D /* 111_MinimumDepthOfBinaryTree.swift */,
				0E6FADBD1D58172200C8D71D /* 112_PathSum.swift */,
				0E6FADBE1D58172200C8D71D /* 113_PathSumII.swift */,
				0EBC87FE1D7D1814003DE97A /* 124_BinaryTreeMaximumPathSum.swift */,
				0E6FADBF1D58172200C8D71D /* 226_InvertBinaryTree.swift */,
				0EBC87FC1D7CCA57003DE97A /* 235_LowestCommonAncestor.swift */,
				0E6FADC01D58172200C8D71D /* 337_HouseRobberIII.swift */,
			);
			path = Tree;
			sourceTree = "<group>";
		};
		0E9C91F51D7B09050022BC93 /* Search */ = {
			isa = PBXGroup;
			children = (
				0E9C91F81D7B5CEF0022BC93 /* 33_SearchInRotatedSortedArray.swift */,
				0EBC87FA1D7CBFD1003DE97A /* 34_SearchForARange.swift */,
				0EBC87F81D7CAE12003DE97A /* 35_SearchInsertPosition.swift */,
				0E9C92001D7B95F20022BC93 /* 69_Sqrtx.swift */,
				0E9C91FA1D7B64D20022BC93 /* 81_SearchInRotatedSortedArrayII.swift */,
				0E9C91FC1D7B6E8C0022BC93 /* 153_FindMinimumInRotatedSortedArray.swift */,
				0E9C91FE1D7B7EA80022BC93 /* 154_FindMinimumInRotatedSortedArrayII.swift */,
				0E9C91F61D7B09230022BC93 /* 162_FindAPeakElement.swift */,
				0EB7AD611D7E393900278C48 /* 278_FirstBadVersion.swift */,
			);
			path = Search;
			sourceTree = "<group>";
		};
		0EB7AD4E1D7DB3DE00278C48 /* LinkedList */ = {
			isa = PBXGroup;
			children = (
				0EB7AD4F1D7DB40500278C48 /* 2_AddTwoNumbers.swift */,
				0EB7AD5B1D7E0F8B00278C48 /* 24_SwapNodesInPairs.swift */,
				0E94D62C1DCFDF16000271F8 /* 61_RotateList.swift */,
				0E7D77DB1DCEB4EE006DD938 /* 83_RemoveDuplicatesFromSortedList.swift */,
				0E7D77D91DCEAAEB006DD938 /* 206_ReverseLinkedList.swift */,
			);
			path = LinkedList;
			sourceTree = "<group>";
		};
		0EB7AD531D7DCF2300278C48 /* DynamicProgramming */ = {
			isa = PBXGroup;
			children = (
				0EB7AD541D7DEE5800278C48 /* 5_LongestPalindromicSubString.swift */,
				0E5185C41D8A3D7100E7FD18 /* 53_MaximumSubarry.swift */,
				0EA852B71D87980F00721FE2 /* 62_UniquePaths.swift */,
				0EA852B91D87AB5200721FE2 /* 63_UniquePaths.swift */,
				0E952FA31D94B250003342F4 /* 70_ClimbingStairs.swift */,
				0E6CDE801D98A1CE00FB662F /* 72_EditDistance.swift */,
				0E952FA51D94D0AD003342F4 /* 121_BestTimeToBuyAndSellStock.swift */,
				0E93F9701D86594C0050995D /* 139_WordBreak.swift */,
				0E55A4711D8EE7A2004982DF /* 152_MaximumProductSubarray.swift */,
				0EB02F7C1D8B9F000033F46E /* 198_HouseRobber.swift */,
				0E948BB21D8CC1B600BEB6A9 /* 213_HouseRobberII.swift */,
				0E55A4731D8F3AA0004982DF /* 221_MaximalSquare.swift */,
				0E5622401D897A5900D069D5 /* 279_PerfectSquares.swift */,
				0E5622421D89804300D069D5 /* 322_CoinChange.swift */,
			);
			path = DynamicProgramming;
			sourceTree = "<group>";
		};
		0EB7AD561D7DF59300278C48 /* Math */ = {
			isa = PBXGroup;
			children = (
				0EB7AD571D7DF5B000278C48 /* 7_ReverseInteger.swift */,
				0E5D155A1D7FBB7C001EB24C /* 8_StringToInteger.swift */,
				0EB7AD591D7E0B4B00278C48 /* 9_PalindromeNumber.swift */,
				0EB7AD6B1D7E5B7500278C48 /* 13_RomanToInteger.swift */,
				0EB7AD651D7E471100278C48 /* 136_SingleNumber.swift */,
				0EB7AD671D7E485B00278C48 /* 231_PowerOfTwo.swift */,
				0EB7AD5F1D7E273A00278C48 /* 258_AddDigits.swift */,
				0EB7AD6D1D7E5CB500278C48 /* 263_UglyNumber.swift */,
				0EB7AD691D7E4C7D00278C48 /* 326_PowerOfThree.swift */,
			);
			path = Math;
			sourceTree = "<group>";
		};
		0EEF2D591D7215B500A85EAA /* Array */ = {
			isa = PBXGroup;
			children = (
				0E67250B1D7329A400408DA3 /* 1_TwoSum.swift */,
				0E5D15581D7F9468001EB24C /* 15_3Sum.swift */,
				0E755B7F1DCAC3DD009E9890 /* 18_4Sum.swift */,
				0E7D77CD1DCE4B9C006DD938 /* 26_RemoveDuplicatesFromSortedArray.swift */,
				0EEF2D621D728B3000A85EAA /* 27_RemoveElement.swift */,
				0E9C91F11D7712EB0022BC93 /* 36_ValidSudoku.swift */,
				0E58FD301D80EDC900239011 /* 48_RotateImage.swift */,
				0E7D77D51DCE5C99006DD938 /* 80_RemoveDuplicatesFromSortedArrayII.swift */,
				0E6818C11D735AFC00C33DFB /* 189_RotateArray.swift */,
				0EEF2D5E1D72266900A85EAA /* 217_ContainsDuplicate.swift */,
				0E58FD2E1D80E49400239011 /* 228_SummaryRange.swift */,
				0EEF2D601D7227F300A85EAA /* 283_MoveZeros.swift */,
				0EEF2D5A1D72167200A85EAA /* 349_IntersectionOfTwoArrays.swift */,
				0EEF2D5C1D7222AE00A85EAA /* 350_IntersectionOfTwoArraysII.swift */,
			);
			path = Array;
			sourceTree = "<group>";
		};
/* End PBXGroup section */

/* Begin PBXNativeTarget section */
		0E6FAD501D5811BE00C8D71D /* LeetcodeSwift */ = {
			isa = PBXNativeTarget;
			buildConfigurationList = 0E6FAD791D5811BE00C8D71D /* Build configuration list for PBXNativeTarget "LeetcodeSwift" */;
			buildPhases = (
				0E6FAD4D1D5811BE00C8D71D /* Sources */,
				0E6FAD4E1D5811BE00C8D71D /* Frameworks */,
				0E6FAD4F1D5811BE00C8D71D /* Resources */,
			);
			buildRules = (
			);
			dependencies = (
			);
			name = LeetcodeSwift;
			productName = LeetcodeSwift;
			productReference = 0E6FAD511D5811BE00C8D71D /* LeetcodeSwift.app */;
			productType = "com.apple.product-type.application";
		};
		0E6FAD641D5811BE00C8D71D /* LeetcodeSwiftTests */ = {
			isa = PBXNativeTarget;
			buildConfigurationList = 0E6FAD7C1D5811BE00C8D71D /* Build configuration list for PBXNativeTarget "LeetcodeSwiftTests" */;
			buildPhases = (
				0E6FAD611D5811BE00C8D71D /* Sources */,
				0E6FAD621D5811BE00C8D71D /* Frameworks */,
				0E6FAD631D5811BE00C8D71D /* Resources */,
			);
			buildRules = (
			);
			dependencies = (
				0E6FAD671D5811BE00C8D71D /* PBXTargetDependency */,
			);
			name = LeetcodeSwiftTests;
			productName = LeetcodeSwiftTests;
			productReference = 0E6FAD651D5811BE00C8D71D /* LeetcodeSwiftTests.xctest */;
			productType = "com.apple.product-type.bundle.unit-test";
		};
		0E6FAD6F1D5811BE00C8D71D /* LeetcodeSwiftUITests */ = {
			isa = PBXNativeTarget;
			buildConfigurationList = 0E6FAD7F1D5811BE00C8D71D /* Build configuration list for PBXNativeTarget "LeetcodeSwiftUITests" */;
			buildPhases = (
				0E6FAD6C1D5811BE00C8D71D /* Sources */,
				0E6FAD6D1D5811BE00C8D71D /* Frameworks */,
				0E6FAD6E1D5811BE00C8D71D /* Resources */,
			);
			buildRules = (
			);
			dependencies = (
				0E6FAD721D5811BE00C8D71D /* PBXTargetDependency */,
			);
			name = LeetcodeSwiftUITests;
			productName = LeetcodeSwiftUITests;
			productReference = 0E6FAD701D5811BE00C8D71D /* LeetcodeSwiftUITests.xctest */;
			productType = "com.apple.product-type.bundle.ui-testing";
		};
/* End PBXNativeTarget section */

/* Begin PBXProject section */
		0E6FAD491D5811BE00C8D71D /* Project object */ = {
			isa = PBXProject;
			attributes = {
				LastSwiftUpdateCheck = 0730;
				LastUpgradeCheck = 0730;
				ORGANIZATIONNAME = "YANSONG LI";
				TargetAttributes = {
					0E6FAD501D5811BE00C8D71D = {
						CreatedOnToolsVersion = 7.3.1;
						LastSwiftMigration = 0800;
					};
					0E6FAD641D5811BE00C8D71D = {
						CreatedOnToolsVersion = 7.3.1;
						LastSwiftMigration = 0800;
						TestTargetID = 0E6FAD501D5811BE00C8D71D;
					};
					0E6FAD6F1D5811BE00C8D71D = {
						CreatedOnToolsVersion = 7.3.1;
						LastSwiftMigration = 0800;
						TestTargetID = 0E6FAD501D5811BE00C8D71D;
					};
				};
			};
			buildConfigurationList = 0E6FAD4C1D5811BE00C8D71D /* Build configuration list for PBXProject "LeetcodeSwift" */;
			compatibilityVersion = "Xcode 3.2";
			developmentRegion = English;
			hasScannedForEncodings = 0;
			knownRegions = (
				en,
				Base,
			);
			mainGroup = 0E6FAD481D5811BE00C8D71D;
			productRefGroup = 0E6FAD521D5811BE00C8D71D /* Products */;
			projectDirPath = "";
			projectRoot = "";
			targets = (
				0E6FAD501D5811BE00C8D71D /* LeetcodeSwift */,
				0E6FAD641D5811BE00C8D71D /* LeetcodeSwiftTests */,
				0E6FAD6F1D5811BE00C8D71D /* LeetcodeSwiftUITests */,
			);
		};
/* End PBXProject section */

/* Begin PBXResourcesBuildPhase section */
		0E6FAD4F1D5811BE00C8D71D /* Resources */ = {
			isa = PBXResourcesBuildPhase;
			buildActionMask = 2147483647;
			files = (
				0E6FAD5F1D5811BE00C8D71D /* LaunchScreen.storyboard in Resources */,
				0E6FAD5C1D5811BE00C8D71D /* Assets.xcassets in Resources */,
				0E6FAD5A1D5811BE00C8D71D /* Main.storyboard in Resources */,
			);
			runOnlyForDeploymentPostprocessing = 0;
		};
		0E6FAD631D5811BE00C8D71D /* Resources */ = {
			isa = PBXResourcesBuildPhase;
			buildActionMask = 2147483647;
			files = (
			);
			runOnlyForDeploymentPostprocessing = 0;
		};
		0E6FAD6E1D5811BE00C8D71D /* Resources */ = {
			isa = PBXResourcesBuildPhase;
			buildActionMask = 2147483647;
			files = (
			);
			runOnlyForDeploymentPostprocessing = 0;
		};
/* End PBXResourcesBuildPhase section */

/* Begin PBXSourcesBuildPhase section */
		0E6FAD4D1D5811BE00C8D71D /* Sources */ = {
			isa = PBXSourcesBuildPhase;
			buildActionMask = 2147483647;
			files = (
				0EB7AD5C1D7E0F8B00278C48 /* 24_SwapNodesInPairs.swift in Sources */,
				0E5D155B1D7FBB7C001EB24C /* 8_StringToInteger.swift in Sources */,
				0E7D77D81DCE815C006DD938 /* 49_GroupAnagrams.swift in Sources */,
				0E6FADCB1D58172200C8D71D /* 113_PathSumII.swift in Sources */,
				0E6FADB11D58171900C8D71D /* 290_WordPattern.swift in Sources */,
				0E6FADCA1D58172200C8D71D /* 112_PathSum.swift in Sources */,
				0EBC87FD1D7CCA57003DE97A /* 235_LowestCommonAncestor.swift in Sources */,
				0EBC87FF1D7D1814003DE97A /* 124_BinaryTreeMaximumPathSum.swift in Sources */,
				0EB02F7D1D8B9F000033F46E /* 198_HouseRobber.swift in Sources */,
				0E6FADC71D58172200C8D71D /* 106_ConstructBinaryTreeFromInorderAndPostorderTraversal.swift in Sources */,
				0E5EADC51D5D61DD008E79B4 /* 242_ValidAnagram.swift in Sources */,
				0E9C91F21D7712EB0022BC93 /* 36_ValidSudoku.swift in Sources */,
				0EA852BA1D87AB5200721FE2 /* 63_UniquePaths.swift in Sources */,
				0E6FADC31D58172200C8D71D /* 101_SymmetricTree.swift in Sources */,
				0E755B801DCAC3DD009E9890 /* 18_4Sum.swift in Sources */,
				0EB7AD551D7DEE5800278C48 /* 5_LongestPalindromicSubString.swift in Sources */,
				0EB7AD601D7E273A00278C48 /* 258_AddDigits.swift in Sources */,
				0E6FADC51D58172200C8D71D /* 104_MaximumDepthOfBinaryTree.swift in Sources */,
				0EEF2D631D728B3000A85EAA /* 27_RemoveElement.swift in Sources */,
				0E5622431D89804300D069D5 /* 322_CoinChange.swift in Sources */,
				0E9C92011D7B95F20022BC93 /* 69_Sqrtx.swift in Sources */,
				0EB7AD5E1D7E1D8B00278C48 /* 165_CompareVersionNumbers.swift in Sources */,
				0E67250C1D7329A400408DA3 /* 1_TwoSum.swift in Sources */,
				0E7D77CE1DCE4B9C006DD938 /* 26_RemoveDuplicatesFromSortedArray.swift in Sources */,
				0EEF2D5F1D72266900A85EAA /* 217_ContainsDuplicate.swift in Sources */,
				0EB7AD6C1D7E5B7500278C48 /* 13_RomanToInteger.swift in Sources */,
				0EB7AD501D7DB40500278C48 /* 2_AddTwoNumbers.swift in Sources */,
				0E9C91FD1D7B6E8C0022BC93 /* 153_FindMinimumInRotatedSortedArray.swift in Sources */,
				0E7D77DA1DCEAAEB006DD938 /* 206_ReverseLinkedList.swift in Sources */,
				0E6FADCD1D58172200C8D71D /* 337_HouseRobberIII.swift in Sources */,
				0EB7AD581D7DF5B000278C48 /* 7_ReverseInteger.swift in Sources */,
				0E55A4721D8EE7A2004982DF /* 152_MaximumProductSubarray.swift in Sources */,
				0E6FADC91D58172200C8D71D /* 111_MinimumDepthOfBinaryTree.swift in Sources */,
				0EB7AD661D7E471100278C48 /* 136_SingleNumber.swift in Sources */,
				0E9C91FB1D7B64D20022BC93 /* 81_SearchInRotatedSortedArrayII.swift in Sources */,
				0E7D77DC1DCEB4EE006DD938 /* 83_RemoveDuplicatesFromSortedList.swift in Sources */,
				0E9C91F01D753A090022BC93 /* 189_RotateArray.swift in Sources */,
				0E5622411D897A5900D069D5 /* 279_PerfectSquares.swift in Sources */,
				0EEF2D611D7227F300A85EAA /* 283_MoveZeros.swift in Sources */,
				0E6FADC61D58172200C8D71D /* 105_ConstructBinaryTreeFromPreorderAndInorderTraversal.swift in Sources */,
				0E6FADB01D58171900C8D71D /* 205_IsomorphicString.swift in Sources */,
				0E952FA61D94D0AD003342F4 /* 121_BestTimeToBuyAndSellStock.swift in Sources */,
				0EB7AD6A1D7E4C7D00278C48 /* 326_PowerOfThree.swift in Sources */,
				0EB7AD6E1D7E5CB500278C48 /* 263_UglyNumber.swift in Sources */,
				0EEF2D5D1D7222AE00A85EAA /* 350_IntersectionOfTwoArraysII.swift in Sources */,
				0E58FD311D80EDC900239011 /* 48_RotateImage.swift in Sources */,
				0E6FADCC1D58172200C8D71D /* 226_InvertBinaryTree.swift in Sources */,
				0E6FADC41D58172200C8D71D /* 102_BinaryTreeLevelOrderTraversal.swift in Sources */,
				0E93F9711D86594C0050995D /* 139_WordBreak.swift in Sources */,
				0EEF2D581D72103A00A85EAA /* 58_LengthOfLastWord.swift in Sources */,
				0E6FADC81D58172200C8D71D /* 110_BalancedBinaryTree.swift in Sources */,
				0E6FADCF1D58172B00C8D71D /* LeetCodeKit.swift in Sources */,
				0EEF2D541D71CC6B00A85EAA /* 3_LongestSubStringWithoutRepeatingCharacters.swift in Sources */,
				0E7D77D61DCE5C99006DD938 /* 80_RemoveDuplicatesFromSortedArrayII.swift in Sources */,
				0E5EADC71D5D6A78008E79B4 /* 28_ImplementStrStr.swift in Sources */,
				0EBC87FB1D7CBFD1003DE97A /* 34_SearchForARange.swift in Sources */,
				0E58FD2F1D80E49400239011 /* 228_SummaryRange.swift in Sources */,
				0EA852B81D87980F00721FE2 /* 62_UniquePaths.swift in Sources */,
				0E6FADB31D58171900C8D71D /* 345_ReverseVowelsOfAString.swift in Sources */,
				0E6FADC21D58172200C8D71D /* 100_SameTree.swift in Sources */,
				0E9C91F91D7B5CEF0022BC93 /* 33_SearchInRotatedSortedArray.swift in Sources */,
				0E948BB31D8CC1B600BEB6A9 /* 213_HouseRobberII.swift in Sources */,
				0EB7AD681D7E485B00278C48 /* 231_PowerOfTwo.swift in Sources */,
				0E55A4741D8F3AA0004982DF /* 221_MaximalSquare.swift in Sources */,
				0E6FAD571D5811BE00C8D71D /* ViewController.swift in Sources */,
				0EB7AD621D7E393900278C48 /* 278_FirstBadVersion.swift in Sources */,
				0EB7AD641D7E402100278C48 /* 389_FindTheDifference.swift in Sources */,
				0E6FADB21D58171900C8D71D /* 344_ReverseString.swift in Sources */,
				0E952FA41D94B250003342F4 /* 70_ClimbingStairs.swift in Sources */,
				0E6FAD551D5811BE00C8D71D /* AppDelegate.swift in Sources */,
				0EBC87F91D7CAE12003DE97A /* 35_SearchInsertPosition.swift in Sources */,
				0E6CDE811D98A1CE00FB662F /* 72_EditDistance.swift in Sources */,
				0E5185C51D8A3D7100E7FD18 /* 53_MaximumSubarry.swift in Sources */,
				0EEF2D5B1D72167200A85EAA /* 349_IntersectionOfTwoArrays.swift in Sources */,
				0E9C91FF1D7B7EA80022BC93 /* 154_FindMinimumInRotatedSortedArrayII.swift in Sources */,
				0EEF2D561D71D8D100A85EAA /* 383_RansomNote.swift in Sources */,
				0E5D15591D7F9468001EB24C /* 15_3Sum.swift in Sources */,
				0E94D62D1DCFDF16000271F8 /* 61_RotateList.swift in Sources */,
				0E9C91F71D7B09230022BC93 /* 162_FindAPeakElement.swift in Sources */,
				0E61C9731D60CCF60014C2D2 /* 14_LongestCommonPrefix.swift in Sources */,
				0E6FADC11D58172200C8D71D /* 98_ValidateBinarySearchTree.swift in Sources */,
				0EB7AD5A1D7E0B4B00278C48 /* 9_PalindromeNumber.swift in Sources */,
			);
			runOnlyForDeploymentPostprocessing = 0;
		};
		0E6FAD611D5811BE00C8D71D /* Sources */ = {
			isa = PBXSourcesBuildPhase;
			buildActionMask = 2147483647;
			files = (
				0E6818C41D73788500C33DFB /* LinkedListTest.swift in Sources */,
				0E6FAD6A1D5811BE00C8D71D /* LeetcodeSwiftTests.swift in Sources */,
				0E6CDE831D98BA4100FB662F /* ArrayExtensionTest.swift in Sources */,
			);
			runOnlyForDeploymentPostprocessing = 0;
		};
		0E6FAD6C1D5811BE00C8D71D /* Sources */ = {
			isa = PBXSourcesBuildPhase;
			buildActionMask = 2147483647;
			files = (
				0E6FAD751D5811BE00C8D71D /* LeetcodeSwiftUITests.swift in Sources */,
			);
			runOnlyForDeploymentPostprocessing = 0;
		};
/* End PBXSourcesBuildPhase section */

/* Begin PBXTargetDependency section */
		0E6FAD671D5811BE00C8D71D /* PBXTargetDependency */ = {
			isa = PBXTargetDependency;
			target = 0E6FAD501D5811BE00C8D71D /* LeetcodeSwift */;
			targetProxy = 0E6FAD661D5811BE00C8D71D /* PBXContainerItemProxy */;
		};
		0E6FAD721D5811BE00C8D71D /* PBXTargetDependency */ = {
			isa = PBXTargetDependency;
			target = 0E6FAD501D5811BE00C8D71D /* LeetcodeSwift */;
			targetProxy = 0E6FAD711D5811BE00C8D71D /* PBXContainerItemProxy */;
		};
/* End PBXTargetDependency section */

/* Begin PBXVariantGroup section */
		0E6FAD581D5811BE00C8D71D /* Main.storyboard */ = {
			isa = PBXVariantGroup;
			children = (
				0E6FAD591D5811BE00C8D71D /* Base */,
			);
			name = Main.storyboard;
			sourceTree = "<group>";
		};
		0E6FAD5D1D5811BE00C8D71D /* LaunchScreen.storyboard */ = {
			isa = PBXVariantGroup;
			children = (
				0E6FAD5E1D5811BE00C8D71D /* Base */,
			);
			name = LaunchScreen.storyboard;
			sourceTree = "<group>";
		};
/* End PBXVariantGroup section */

/* Begin XCBuildConfiguration section */
		0E6FAD771D5811BE00C8D71D /* Debug */ = {
			isa = XCBuildConfiguration;
			buildSettings = {
				ALWAYS_SEARCH_USER_PATHS = NO;
				CLANG_ANALYZER_NONNULL = YES;
				CLANG_CXX_LANGUAGE_STANDARD = "gnu++0x";
				CLANG_CXX_LIBRARY = "libc++";
				CLANG_ENABLE_MODULES = YES;
				CLANG_ENABLE_OBJC_ARC = YES;
				CLANG_WARN_BOOL_CONVERSION = YES;
				CLANG_WARN_CONSTANT_CONVERSION = YES;
				CLANG_WARN_DIRECT_OBJC_ISA_USAGE = YES_ERROR;
				CLANG_WARN_EMPTY_BODY = YES;
				CLANG_WARN_ENUM_CONVERSION = YES;
				CLANG_WARN_INT_CONVERSION = YES;
				CLANG_WARN_OBJC_ROOT_CLASS = YES_ERROR;
				CLANG_WARN_UNREACHABLE_CODE = YES;
				CLANG_WARN__DUPLICATE_METHOD_MATCH = YES;
				"CODE_SIGN_IDENTITY[sdk=iphoneos*]" = "iPhone Developer";
				COPY_PHASE_STRIP = NO;
				DEBUG_INFORMATION_FORMAT = dwarf;
				ENABLE_STRICT_OBJC_MSGSEND = YES;
				ENABLE_TESTABILITY = YES;
				GCC_C_LANGUAGE_STANDARD = gnu99;
				GCC_DYNAMIC_NO_PIC = NO;
				GCC_NO_COMMON_BLOCKS = YES;
				GCC_OPTIMIZATION_LEVEL = 0;
				GCC_PREPROCESSOR_DEFINITIONS = (
					"DEBUG=1",
					"$(inherited)",
				);
				GCC_WARN_64_TO_32_BIT_CONVERSION = YES;
				GCC_WARN_ABOUT_RETURN_TYPE = YES_ERROR;
				GCC_WARN_UNDECLARED_SELECTOR = YES;
				GCC_WARN_UNINITIALIZED_AUTOS = YES_AGGRESSIVE;
				GCC_WARN_UNUSED_FUNCTION = YES;
				GCC_WARN_UNUSED_VARIABLE = YES;
				IPHONEOS_DEPLOYMENT_TARGET = 9.3;
				MTL_ENABLE_DEBUG_INFO = YES;
				ONLY_ACTIVE_ARCH = YES;
				SDKROOT = iphoneos;
				SWIFT_OPTIMIZATION_LEVEL = "-Onone";
				TARGETED_DEVICE_FAMILY = "1,2";
			};
			name = Debug;
		};
		0E6FAD781D5811BE00C8D71D /* Release */ = {
			isa = XCBuildConfiguration;
			buildSettings = {
				ALWAYS_SEARCH_USER_PATHS = NO;
				CLANG_ANALYZER_NONNULL = YES;
				CLANG_CXX_LANGUAGE_STANDARD = "gnu++0x";
				CLANG_CXX_LIBRARY = "libc++";
				CLANG_ENABLE_MODULES = YES;
				CLANG_ENABLE_OBJC_ARC = YES;
				CLANG_WARN_BOOL_CONVERSION = YES;
				CLANG_WARN_CONSTANT_CONVERSION = YES;
				CLANG_WARN_DIRECT_OBJC_ISA_USAGE = YES_ERROR;
				CLANG_WARN_EMPTY_BODY = YES;
				CLANG_WARN_ENUM_CONVERSION = YES;
				CLANG_WARN_INT_CONVERSION = YES;
				CLANG_WARN_OBJC_ROOT_CLASS = YES_ERROR;
				CLANG_WARN_UNREACHABLE_CODE = YES;
				CLANG_WARN__DUPLICATE_METHOD_MATCH = YES;
				"CODE_SIGN_IDENTITY[sdk=iphoneos*]" = "iPhone Developer";
				COPY_PHASE_STRIP = NO;
				DEBUG_INFORMATION_FORMAT = "dwarf-with-dsym";
				ENABLE_NS_ASSERTIONS = NO;
				ENABLE_STRICT_OBJC_MSGSEND = YES;
				GCC_C_LANGUAGE_STANDARD = gnu99;
				GCC_NO_COMMON_BLOCKS = YES;
				GCC_WARN_64_TO_32_BIT_CONVERSION = YES;
				GCC_WARN_ABOUT_RETURN_TYPE = YES_ERROR;
				GCC_WARN_UNDECLARED_SELECTOR = YES;
				GCC_WARN_UNINITIALIZED_AUTOS = YES_AGGRESSIVE;
				GCC_WARN_UNUSED_FUNCTION = YES;
				GCC_WARN_UNUSED_VARIABLE = YES;
				IPHONEOS_DEPLOYMENT_TARGET = 9.3;
				MTL_ENABLE_DEBUG_INFO = NO;
				SDKROOT = iphoneos;
				TARGETED_DEVICE_FAMILY = "1,2";
				VALIDATE_PRODUCT = YES;
			};
			name = Release;
		};
		0E6FAD7A1D5811BE00C8D71D /* Debug */ = {
			isa = XCBuildConfiguration;
			buildSettings = {
				ASSETCATALOG_COMPILER_APPICON_NAME = AppIcon;
				INFOPLIST_FILE = LeetcodeSwift/Info.plist;
				LD_RUNPATH_SEARCH_PATHS = "$(inherited) @executable_path/Frameworks";
				PRODUCT_BUNDLE_IDENTIFIER = com.yansong.li.LeetcodeSwift;
				PRODUCT_NAME = "$(TARGET_NAME)";
				SWIFT_VERSION = 3.0;
			};
			name = Debug;
		};
		0E6FAD7B1D5811BE00C8D71D /* Release */ = {
			isa = XCBuildConfiguration;
			buildSettings = {
				ASSETCATALOG_COMPILER_APPICON_NAME = AppIcon;
				INFOPLIST_FILE = LeetcodeSwift/Info.plist;
				LD_RUNPATH_SEARCH_PATHS = "$(inherited) @executable_path/Frameworks";
				PRODUCT_BUNDLE_IDENTIFIER = com.yansong.li.LeetcodeSwift;
				PRODUCT_NAME = "$(TARGET_NAME)";
				SWIFT_VERSION = 3.0;
			};
			name = Release;
		};
		0E6FAD7D1D5811BE00C8D71D /* Debug */ = {
			isa = XCBuildConfiguration;
			buildSettings = {
				BUNDLE_LOADER = "$(TEST_HOST)";
				INFOPLIST_FILE = LeetcodeSwiftTests/Info.plist;
				LD_RUNPATH_SEARCH_PATHS = "$(inherited) @executable_path/Frameworks @loader_path/Frameworks";
				PRODUCT_BUNDLE_IDENTIFIER = com.yansong.li.LeetcodeSwiftTests;
				PRODUCT_NAME = "$(TARGET_NAME)";
				SWIFT_VERSION = 3.0;
				TEST_HOST = "$(BUILT_PRODUCTS_DIR)/LeetcodeSwift.app/LeetcodeSwift";
			};
			name = Debug;
		};
		0E6FAD7E1D5811BE00C8D71D /* Release */ = {
			isa = XCBuildConfiguration;
			buildSettings = {
				BUNDLE_LOADER = "$(TEST_HOST)";
				INFOPLIST_FILE = LeetcodeSwiftTests/Info.plist;
				LD_RUNPATH_SEARCH_PATHS = "$(inherited) @executable_path/Frameworks @loader_path/Frameworks";
				PRODUCT_BUNDLE_IDENTIFIER = com.yansong.li.LeetcodeSwiftTests;
				PRODUCT_NAME = "$(TARGET_NAME)";
				SWIFT_VERSION = 3.0;
				TEST_HOST = "$(BUILT_PRODUCTS_DIR)/LeetcodeSwift.app/LeetcodeSwift";
			};
			name = Release;
		};
		0E6FAD801D5811BE00C8D71D /* Debug */ = {
			isa = XCBuildConfiguration;
			buildSettings = {
				INFOPLIST_FILE = LeetcodeSwiftUITests/Info.plist;
				LD_RUNPATH_SEARCH_PATHS = "$(inherited) @executable_path/Frameworks @loader_path/Frameworks";
				PRODUCT_BUNDLE_IDENTIFIER = com.yansong.li.LeetcodeSwiftUITests;
				PRODUCT_NAME = "$(TARGET_NAME)";
				SWIFT_VERSION = 3.0;
				TEST_TARGET_NAME = LeetcodeSwift;
			};
			name = Debug;
		};
		0E6FAD811D5811BE00C8D71D /* Release */ = {
			isa = XCBuildConfiguration;
			buildSettings = {
				INFOPLIST_FILE = LeetcodeSwiftUITests/Info.plist;
				LD_RUNPATH_SEARCH_PATHS = "$(inherited) @executable_path/Frameworks @loader_path/Frameworks";
				PRODUCT_BUNDLE_IDENTIFIER = com.yansong.li.LeetcodeSwiftUITests;
				PRODUCT_NAME = "$(TARGET_NAME)";
				SWIFT_VERSION = 3.0;
				TEST_TARGET_NAME = LeetcodeSwift;
			};
			name = Release;
		};
/* End XCBuildConfiguration section */

/* Begin XCConfigurationList section */
		0E6FAD4C1D5811BE00C8D71D /* Build configuration list for PBXProject "LeetcodeSwift" */ = {
			isa = XCConfigurationList;
			buildConfigurations = (
				0E6FAD771D5811BE00C8D71D /* Debug */,
				0E6FAD781D5811BE00C8D71D /* Release */,
			);
			defaultConfigurationIsVisible = 0;
			defaultConfigurationName = Release;
		};
		0E6FAD791D5811BE00C8D71D /* Build configuration list for PBXNativeTarget "LeetcodeSwift" */ = {
			isa = XCConfigurationList;
			buildConfigurations = (
				0E6FAD7A1D5811BE00C8D71D /* Debug */,
				0E6FAD7B1D5811BE00C8D71D /* Release */,
			);
			defaultConfigurationIsVisible = 0;
			defaultConfigurationName = Release;
		};
		0E6FAD7C1D5811BE00C8D71D /* Build configuration list for PBXNativeTarget "LeetcodeSwiftTests" */ = {
			isa = XCConfigurationList;
			buildConfigurations = (
				0E6FAD7D1D5811BE00C8D71D /* Debug */,
				0E6FAD7E1D5811BE00C8D71D /* Release */,
			);
			defaultConfigurationIsVisible = 0;
			defaultConfigurationName = Release;
		};
		0E6FAD7F1D5811BE00C8D71D /* Build configuration list for PBXNativeTarget "LeetcodeSwiftUITests" */ = {
			isa = XCConfigurationList;
			buildConfigurations = (
				0E6FAD801D5811BE00C8D71D /* Debug */,
				0E6FAD811D5811BE00C8D71D /* Release */,
			);
			defaultConfigurationIsVisible = 0;
			defaultConfigurationName = Release;
		};
/* End XCConfigurationList section */
	};
	rootObject = 0E6FAD491D5811BE00C8D71D /* Project object */;
}
